
Microsoft Visual Studio Solution File, Format Version 12.00
# Visual Studio Version 17
VisualStudioVersion = 17.0.31903.59
MinimumVisualStudioVersion = 10.0.40219.1
Project("{2150E333-8FDC-42A3-9474-1A3956D46DE8}") = "Src", "Src", "{827E0CD3-B72D-47B6-A68D-7590B98EB39B}"
EndProject
Project("{2150E333-8FDC-42A3-9474-1A3956D46DE8}") = "Core", "Core", "{8D626EA8-CB54-BC41-363A-217881BEBA6E}"
EndProject
Project("{FAE04EC0-301F-11D3-BF4B-00C04F79EFBC}") = "Bocchi.ContentModel", "Src\Core\Bocchi.ContentModel\Bocchi.ContentModel.csproj", "{82EC51E8-0E36-4B84-8C7D-F759CA5922CD}"
EndProject
Project("{FAE04EC0-301F-11D3-BF4B-00C04F79EFBC}") = "Bocchi.Workspace", "Src\Core\Bocchi.Workspace\Bocchi.Workspace.csproj", "{6EC2744A-E07F-4ACE-94F9-C266E26FA1A1}"
EndProject
Project("{FAE04EC0-301F-11D3-BF4B-00C04F79EFBC}") = "Bocchi.GeneratorContract", "Src\Core\Bocchi.GeneratorContract\Bocchi.GeneratorContract.csproj", "{5B2E9846-B18F-4A24-89E8-805B7538B6A4}"
EndProject
Project("{2150E333-8FDC-42A3-9474-1A3956D46DE8}") = "HomeServer", "HomeServer", "{13ABD3C2-D5DC-AC4D-594A-090559BBE41A}"
EndProject
Project("{FAE04EC0-301F-11D3-BF4B-00C04F79EFBC}") = "Bocchi.HomeServer", "Src\HomeServer\Bocchi.HomeServer\Bocchi.HomeServer.csproj", "{998832B6-2055-4173-8E40-070A5CF6FBEE}"
EndProject
Project("{2150E333-8FDC-42A3-9474-1A3956D46DE8}") = "Tests", "Tests", "{0AB3BF05-4346-4AA6-1389-037BE0695223}"
EndProject
Project("{FAE04EC0-301F-11D3-BF4B-00C04F79EFBC}") = "Bocchi.ContentModel.Tests", "Tests\Bocchi.ContentModel.Tests\Bocchi.ContentModel.Tests.csproj", "{E88BFC53-575B-403A-853E-CFC127D4E1C7}"
EndProject
Project("{FAE04EC0-301F-11D3-BF4B-00C04F79EFBC}") = "Bocchi.Workspace.Tests", "Tests\Bocchi.Workspace.Tests\Bocchi.Workspace.Tests.csproj", "{6481F2F3-06BD-437D-9FE2-F741D0BA4877}"
EndProject
Project("{FAE04EC0-301F-11D3-BF4B-00C04F79EFBC}") = "Bocchi.GeneratorContract.Tests", "Tests\Bocchi.GeneratorContract.Tests\Bocchi.GeneratorContract.Tests.csproj", "{EF62B611-EBF2-4193-ACB3-59D8BB643400}"
EndProject
Project("{FAE04EC0-301F-11D3-BF4B-00C04F79EFBC}") = "Bocchi.HomeServer.Tests", "Tests\Bocchi.HomeServer.Tests\Bocchi.HomeServer.Tests.csproj", "{C86E042D-0AB1-4B61-B31A-B731A974CC8B}"
EndProject
Project("{FAE04EC0-301F-11D3-BF4B-00C04F79EFBC}") = "Bocchi.Generator", "Src\Core\Bocchi.Generator\Bocchi.Generator.csproj", "{D88FBA86-75D7-437B-86E0-1CE47B30DBA9}"
EndProject
Project("{FAE04EC0-301F-11D3-BF4B-00C04F79EFBC}") = "Bocchi.Generator.Tests", "Tests\Bocchi.Generator.Tests\Bocchi.Generator.Tests.csproj", "{D82FAE4A-42A1-4D55-A603-EA553CB2F416}"
EndProject
Global
	GlobalSection(SolutionConfigurationPlatforms) = preSolution
		Debug|Any CPU = Debug|Any CPU
		Debug|x64 = Debug|x64
		Debug|x86 = Debug|x86
		Release|Any CPU = Release|Any CPU
		Release|x64 = Release|x64
		Release|x86 = Release|x86
	EndGlobalSection
	GlobalSection(ProjectConfigurationPlatforms) = postSolution
		{82EC51E8-0E36-4B84-8C7D-F759CA5922CD}.Debug|Any CPU.ActiveCfg = Debug|Any CPU
		{82EC51E8-0E36-4B84-8C7D-F759CA5922CD}.Debug|Any CPU.Build.0 = Debug|Any CPU
		{82EC51E8-0E36-4B84-8C7D-F759CA5922CD}.Debug|x64.ActiveCfg = Debug|Any CPU
		{82EC51E8-0E36-4B84-8C7D-F759CA5922CD}.Debug|x64.Build.0 = Debug|Any CPU
		{82EC51E8-0E36-4B84-8C7D-F759CA5922CD}.Debug|x86.ActiveCfg = Debug|Any CPU
		{82EC51E8-0E36-4B84-8C7D-F759CA5922CD}.Debug|x86.Build.0 = Debug|Any CPU
		{82EC51E8-0E36-4B84-8C7D-F759CA5922CD}.Release|Any CPU.ActiveCfg = Release|Any CPU
		{82EC51E8-0E36-4B84-8C7D-F759CA5922CD}.Release|Any CPU.Build.0 = Release|Any CPU
		{82EC51E8-0E36-4B84-8C7D-F759CA5922CD}.Release|x64.ActiveCfg = Release|Any CPU
		{82EC51E8-0E36-4B84-8C7D-F759CA5922CD}.Release|x64.Build.0 = Release|Any CPU
		{82EC51E8-0E36-4B84-8C7D-F759CA5922CD}.Release|x86.ActiveCfg = Release|Any CPU
		{82EC51E8-0E36-4B84-8C7D-F759CA5922CD}.Release|x86.Build.0 = Release|Any CPU
		{6EC2744A-E07F-4ACE-94F9-C266E26FA1A1}.Debug|Any CPU.ActiveCfg = Debug|Any CPU
		{6EC2744A-E07F-4ACE-94F9-C266E26FA1A1}.Debug|Any CPU.Build.0 = Debug|Any CPU
		{6EC2744A-E07F-4ACE-94F9-C266E26FA1A1}.Debug|x64.ActiveCfg = Debug|Any CPU
		{6EC2744A-E07F-4ACE-94F9-C266E26FA1A1}.Debug|x64.Build.0 = Debug|Any CPU
		{6EC2744A-E07F-4ACE-94F9-C266E26FA1A1}.Debug|x86.ActiveCfg = Debug|Any CPU
		{6EC2744A-E07F-4ACE-94F9-C266E26FA1A1}.Debug|x86.Build.0 = Debug|Any CPU
		{6EC2744A-E07F-4ACE-94F9-C266E26FA1A1}.Release|Any CPU.ActiveCfg = Release|Any CPU
		{6EC2744A-E07F-4ACE-94F9-C266E26FA1A1}.Release|Any CPU.Build.0 = Release|Any CPU
		{6EC2744A-E07F-4ACE-94F9-C266E26FA1A1}.Release|x64.ActiveCfg = Release|Any CPU
		{6EC2744A-E07F-4ACE-94F9-C266E26FA1A1}.Release|x64.Build.0 = Release|Any CPU
		{6EC2744A-E07F-4ACE-94F9-C266E26FA1A1}.Release|x86.ActiveCfg = Release|Any CPU
		{6EC2744A-E07F-4ACE-94F9-C266E26FA1A1}.Release|x86.Build.0 = Release|Any CPU
		{5B2E9846-B18F-4A24-89E8-805B7538B6A4}.Debug|Any CPU.ActiveCfg = Debug|Any CPU
		{5B2E9846-B18F-4A24-89E8-805B7538B6A4}.Debug|Any CPU.Build.0 = Debug|Any CPU
		{5B2E9846-B18F-4A24-89E8-805B7538B6A4}.Debug|x64.ActiveCfg = Debug|Any CPU
		{5B2E9846-B18F-4A24-89E8-805B7538B6A4}.Debug|x64.Build.0 = Debug|Any CPU
		{5B2E9846-B18F-4A24-89E8-805B7538B6A4}.Debug|x86.ActiveCfg = Debug|Any CPU
		{5B2E9846-B18F-4A24-89E8-805B7538B6A4}.Debug|x86.Build.0 = Debug|Any CPU
		{5B2E9846-B18F-4A24-89E8-805B7538B6A4}.Release|Any CPU.ActiveCfg = Release|Any CPU
		{5B2E9846-B18F-4A24-89E8-805B7538B6A4}.Release|Any CPU.Build.0 = Release|Any CPU
		{5B2E9846-B18F-4A24-89E8-805B7538B6A4}.Release|x64.ActiveCfg = Release|Any CPU
		{5B2E9846-B18F-4A24-89E8-805B7538B6A4}.Release|x64.Build.0 = Release|Any CPU
		{5B2E9846-B18F-4A24-89E8-805B7538B6A4}.Release|x86.ActiveCfg = Release|Any CPU
		{5B2E9846-B18F-4A24-89E8-805B7538B6A4}.Release|x86.Build.0 = Release|Any CPU
		{998832B6-2055-4173-8E40-070A5CF6FBEE}.Debug|Any CPU.ActiveCfg = Debug|Any CPU
		{998832B6-2055-4173-8E40-070A5CF6FBEE}.Debug|Any CPU.Build.0 = Debug|Any CPU
		{998832B6-2055-4173-8E40-070A5CF6FBEE}.Debug|x64.ActiveCfg = Debug|Any CPU
		{998832B6-2055-4173-8E40-070A5CF6FBEE}.Debug|x64.Build.0 = Debug|Any CPU
		{998832B6-2055-4173-8E40-070A5CF6FBEE}.Debug|x86.ActiveCfg = Debug|Any CPU
		{998832B6-2055-4173-8E40-070A5CF6FBEE}.Debug|x86.Build.0 = Debug|Any CPU
		{998832B6-2055-4173-8E40-070A5CF6FBEE}.Release|Any CPU.ActiveCfg = Release|Any CPU
		{998832B6-2055-4173-8E40-070A5CF6FBEE}.Release|Any CPU.Build.0 = Release|Any CPU
		{998832B6-2055-4173-8E40-070A5CF6FBEE}.Release|x64.ActiveCfg = Release|Any CPU
		{998832B6-2055-4173-8E40-070A5CF6FBEE}.Release|x64.Build.0 = Release|Any CPU
		{998832B6-2055-4173-8E40-070A5CF6FBEE}.Release|x86.ActiveCfg = Release|Any CPU
		{998832B6-2055-4173-8E40-070A5CF6FBEE}.Release|x86.Build.0 = Release|Any CPU
		{E88BFC53-575B-403A-853E-CFC127D4E1C7}.Debug|Any CPU.ActiveCfg = Debug|Any CPU
		{E88BFC53-575B-403A-853E-CFC127D4E1C7}.Debug|Any CPU.Build.0 = Debug|Any CPU
		{E88BFC53-575B-403A-853E-CFC127D4E1C7}.Debug|x64.ActiveCfg = Debug|Any CPU
		{E88BFC53-575B-403A-853E-CFC127D4E1C7}.Debug|x64.Build.0 = Debug|Any CPU
		{E88BFC53-575B-403A-853E-CFC127D4E1C7}.Debug|x86.ActiveCfg = Debug|Any CPU
		{E88BFC53-575B-403A-853E-CFC127D4E1C7}.Debug|x86.Build.0 = Debug|Any CPU
		{E88BFC53-575B-403A-853E-CFC127D4E1C7}.Release|Any CPU.ActiveCfg = Release|Any CPU
		{E88BFC53-575B-403A-853E-CFC127D4E1C7}.Release|Any CPU.Build.0 = Release|Any CPU
		{E88BFC53-575B-403A-853E-CFC127D4E1C7}.Release|x64.ActiveCfg = Release|Any CPU
		{E88BFC53-575B-403A-853E-CFC127D4E1C7}.Release|x64.Build.0 = Release|Any CPU
		{E88BFC53-575B-403A-853E-CFC127D4E1C7}.Release|x86.ActiveCfg = Release|Any CPU
		{E88BFC53-575B-403A-853E-CFC127D4E1C7}.Release|x86.Build.0 = Release|Any CPU
		{6481F2F3-06BD-437D-9FE2-F741D0BA4877}.Debug|Any CPU.ActiveCfg = Debug|Any CPU
		{6481F2F3-06BD-437D-9FE2-F741D0BA4877}.Debug|Any CPU.Build.0 = Debug|Any CPU
		{6481F2F3-06BD-437D-9FE2-F741D0BA4877}.Debug|x64.ActiveCfg = Debug|Any CPU
		{6481F2F3-06BD-437D-9FE2-F741D0BA4877}.Debug|x64.Build.0 = Debug|Any CPU
		{6481F2F3-06BD-437D-9FE2-F741D0BA4877}.Debug|x86.ActiveCfg = Debug|Any CPU
		{6481F2F3-06BD-437D-9FE2-F741D0BA4877}.Debug|x86.Build.0 = Debug|Any CPU
		{6481F2F3-06BD-437D-9FE2-F741D0BA4877}.Release|Any CPU.ActiveCfg = Release|Any CPU
		{6481F2F3-06BD-437D-9FE2-F741D0BA4877}.Release|Any CPU.Build.0 = Release|Any CPU
		{6481F2F3-06BD-437D-9FE2-F741D0BA4877}.Release|x64.ActiveCfg = Release|Any CPU
		{6481F2F3-06BD-437D-9FE2-F741D0BA4877}.Release|x64.Build.0 = Release|Any CPU
		{6481F2F3-06BD-437D-9FE2-F741D0BA4877}.Release|x86.ActiveCfg = Release|Any CPU
		{6481F2F3-06BD-437D-9FE2-F741D0BA4877}.Release|x86.Build.0 = Release|Any CPU
		{EF62B611-EBF2-4193-ACB3-59D8BB643400}.Debug|Any CPU.ActiveCfg = Debug|Any CPU
		{EF62B611-EBF2-4193-ACB3-59D8BB643400}.Debug|Any CPU.Build.0 = Debug|Any CPU
		{EF62B611-EBF2-4193-ACB3-59D8BB643400}.Debug|x64.ActiveCfg = Debug|Any CPU
		{EF62B611-EBF2-4193-ACB3-59D8BB643400}.Debug|x64.Build.0 = Debug|Any CPU
		{EF62B611-EBF2-4193-ACB3-59D8BB643400}.Debug|x86.ActiveCfg = Debug|Any CPU
		{EF62B611-EBF2-4193-ACB3-59D8BB643400}.Debug|x86.Build.0 = Debug|Any CPU
		{EF62B611-EBF2-4193-ACB3-59D8BB643400}.Release|Any CPU.ActiveCfg = Release|Any CPU
		{EF62B611-EBF2-4193-ACB3-59D8BB643400}.Release|Any CPU.Build.0 = Release|Any CPU
		{EF62B611-EBF2-4193-ACB3-59D8BB643400}.Release|x64.ActiveCfg = Release|Any CPU
		{EF62B611-EBF2-4193-ACB3-59D8BB643400}.Release|x64.Build.0 = Release|Any CPU
		{EF62B611-EBF2-4193-ACB3-59D8BB643400}.Release|x86.ActiveCfg = Release|Any CPU
		{EF62B611-EBF2-4193-ACB3-59D8BB643400}.Release|x86.Build.0 = Release|Any CPU
		{C86E042D-0AB1-4B61-B31A-B731A974CC8B}.Debug|Any CPU.ActiveCfg = Debug|Any CPU
		{C86E042D-0AB1-4B61-B31A-B731A974CC8B}.Debug|Any CPU.Build.0 = Debug|Any CPU
		{C86E042D-0AB1-4B61-B31A-B731A974CC8B}.Debug|x64.ActiveCfg = Debug|Any CPU
		{C86E042D-0AB1-4B61-B31A-B731A974CC8B}.Debug|x64.Build.0 = Debug|Any CPU
		{C86E042D-0AB1-4B61-B31A-B731A974CC8B}.Debug|x86.ActiveCfg = Debug|Any CPU
		{C86E042D-0AB1-4B61-B31A-B731A974CC8B}.Debug|x86.Build.0 = Debug|Any CPU
		{C86E042D-0AB1-4B61-B31A-B731A974CC8B}.Release|Any CPU.ActiveCfg = Release|Any CPU
		{C86E042D-0AB1-4B61-B31A-B731A974CC8B}.Release|Any CPU.Build.0 = Release|Any CPU
		{C86E042D-0AB1-4B61-B31A-B731A974CC8B}.Release|x64.ActiveCfg = Release|Any CPU
		{C86E042D-0AB1-4B61-B31A-B731A974CC8B}.Release|x64.Build.0 = Release|Any CPU
		{C86E042D-0AB1-4B61-B31A-B731A974CC8B}.Release|x86.ActiveCfg = Release|Any CPU
		{C86E042D-0AB1-4B61-B31A-B731A974CC8B}.Release|x86.Build.0 = Release|Any CPU
		{D88FBA86-75D7-437B-86E0-1CE47B30DBA9}.Debug|Any CPU.ActiveCfg = Debug|Any CPU
		{D88FBA86-75D7-437B-86E0-1CE47B30DBA9}.Debug|Any CPU.Build.0 = Debug|Any CPU
		{D88FBA86-75D7-437B-86E0-1CE47B30DBA9}.Debug|x64.ActiveCfg = Debug|Any CPU
		{D88FBA86-75D7-437B-86E0-1CE47B30DBA9}.Debug|x64.Build.0 = Debug|Any CPU
		{D88FBA86-75D7-437B-86E0-1CE47B30DBA9}.Debug|x86.ActiveCfg = Debug|Any CPU
		{D88FBA86-75D7-437B-86E0-1CE47B30DBA9}.Debug|x86.Build.0 = Debug|Any CPU
		{D88FBA86-75D7-437B-86E0-1CE47B30DBA9}.Release|Any CPU.ActiveCfg = Release|Any CPU
		{D88FBA86-75D7-437B-86E0-1CE47B30DBA9}.Release|Any CPU.Build.0 = Release|Any CPU
		{D88FBA86-75D7-437B-86E0-1CE47B30DBA9}.Release|x64.ActiveCfg = Release|Any CPU
		{D88FBA86-75D7-437B-86E0-1CE47B30DBA9}.Release|x64.Build.0 = Release|Any CPU
		{D88FBA86-75D7-437B-86E0-1CE47B30DBA9}.Release|x86.ActiveCfg = Release|Any CPU
		{D88FBA86-75D7-437B-86E0-1CE47B30DBA9}.Release|x86.Build.0 = Release|Any CPU
		{D82FAE4A-42A1-4D55-A603-EA553CB2F416}.Debug|Any CPU.ActiveCfg = Debug|Any CPU
		{D82FAE4A-42A1-4D55-A603-EA553CB2F416}.Debug|Any CPU.Build.0 = Debug|Any CPU
		{D82FAE4A-42A1-4D55-A603-EA553CB2F416}.Debug|x64.ActiveCfg = Debug|Any CPU
		{D82FAE4A-42A1-4D55-A603-EA553CB2F416}.Debug|x64.Build.0 = Debug|Any CPU
		{D82FAE4A-42A1-4D55-A603-EA553CB2F416}.Debug|x86.ActiveCfg = Debug|Any CPU
		{D82FAE4A-42A1-4D55-A603-EA553CB2F416}.Debug|x86.Build.0 = Debug|Any CPU
		{D82FAE4A-42A1-4D55-A603-EA553CB2F416}.Release|Any CPU.ActiveCfg = Release|Any CPU
		{D82FAE4A-42A1-4D55-A603-EA553CB2F416}.Release|Any CPU.Build.0 = Release|Any CPU
		{D82FAE4A-42A1-4D55-A603-EA553CB2F416}.Release|x64.ActiveCfg = Release|Any CPU
		{D82FAE4A-42A1-4D55-A603-EA553CB2F416}.Release|x64.Build.0 = Release|Any CPU
		{D82FAE4A-42A1-4D55-A603-EA553CB2F416}.Release|x86.ActiveCfg = Release|Any CPU
		{D82FAE4A-42A1-4D55-A603-EA553CB2F416}.Release|x86.Build.0 = Release|Any CPU
	EndGlobalSection
	GlobalSection(SolutionProperties) = preSolution
		HideSolutionNode = FALSE
	EndGlobalSection
	GlobalSection(NestedProjects) = preSolution
		{8D626EA8-CB54-BC41-363A-217881BEBA6E} = {827E0CD3-B72D-47B6-A68D-7590B98EB39B}
		{82EC51E8-0E36-4B84-8C7D-F759CA5922CD} = {8D626EA8-CB54-BC41-363A-217881BEBA6E}
		{6EC2744A-E07F-4ACE-94F9-C266E26FA1A1} = {8D626EA8-CB54-BC41-363A-217881BEBA6E}
		{5B2E9846-B18F-4A24-89E8-805B7538B6A4} = {8D626EA8-CB54-BC41-363A-217881BEBA6E}
		{13ABD3C2-D5DC-AC4D-594A-090559BBE41A} = {827E0CD3-B72D-47B6-A68D-7590B98EB39B}
		{998832B6-2055-4173-8E40-070A5CF6FBEE} = {13ABD3C2-D5DC-AC4D-594A-090559BBE41A}
		{E88BFC53-575B-403A-853E-CFC127D4E1C7} = {0AB3BF05-4346-4AA6-1389-037BE0695223}
		{6481F2F3-06BD-437D-9FE2-F741D0BA4877} = {0AB3BF05-4346-4AA6-1389-037BE0695223}
		{EF62B611-EBF2-4193-ACB3-59D8BB643400} = {0AB3BF05-4346-4AA6-1389-037BE0695223}
		{C86E042D-0AB1-4B61-B31A-B731A974CC8B} = {0AB3BF05-4346-4AA6-1389-037BE0695223}
		{D88FBA86-75D7-437B-86E0-1CE47B30DBA9} = {8D626EA8-CB54-BC41-363A-217881BEBA6E}
		{D82FAE4A-42A1-4D55-A603-EA553CB2F416} = {0AB3BF05-4346-4AA6-1389-037BE0695223}
	EndGlobalSection
EndGlobal
