
Microsoft Visual Studio Solution File, Format Version 12.00
# Visual Studio Version 17
VisualStudioVersion = 17.0.31903.59
MinimumVisualStudioVersion = 10.0.40219.1
Project("{2150E333-8FDC-42A3-9474-1A3956D46DE8}") = "Src", "Src", "{FBD46DFD-D84F-4CAD-953B-BCD4CB689235}"
EndProject
Project("{2150E333-8FDC-42A3-9474-1A3956D46DE8}") = "Home", "Home", "{8CAE4FE2-2B90-4EAA-A339-D07C3A8D170A}"
	ProjectSection(SolutionItems) = preProject
		Src\Home\README.md = Src\Home\README.md
	EndProjectSection
EndProject
Project("{2150E333-8FDC-42A3-9474-1A3956D46DE8}") = "Remote", "Remote", "{85C300B6-7922-411C-BF71-86BCC79F3CE9}"
EndProject
Project("{2150E333-8FDC-42A3-9474-1A3956D46DE8}") = "FrontEnd", "FrontEnd", "{F2FC94D3-9419-49A1-A4F7-D5BD74D55127}"
EndProject
Project("{FAE04EC0-301F-11D3-BF4B-00C04F79EFBC}") = "Bocchi.Home.WebHost", "Src\Home\Bocchi.Home.WebHost\Bocchi.Home.WebHost.csproj", "{B92D2FDE-5589-4693-B374-0450E44117CA}"
EndProject
Project("{2150E333-8FDC-42A3-9474-1A3956D46DE8}") = "Sln", "Sln", "{16A8904C-5248-4CF8-A267-50BF32BD0825}"
	ProjectSection(SolutionItems) = preProject
		.gitignore = .gitignore
		README.md = README.md
	EndProjectSection
EndProject
Project("{2150E333-8FDC-42A3-9474-1A3956D46DE8}") = "Core", "Core", "{D254900B-C2AC-4C91-A16A-53FEB1AD8BF0}"
EndProject
Project("{FAE04EC0-301F-11D3-BF4B-00C04F79EFBC}") = "Bocchi.Home.Core", "Src\Home\Core\Bocchi.Home.Core\Bocchi.Home.Core.csproj", "{03572DF4-1EC8-48AD-8066-901E450EC316}"
EndProject
Project("{2150E333-8FDC-42A3-9474-1A3956D46DE8}") = "Shared", "Shared", "{68A43DEF-D494-45E5-AF21-119A9CFAE634}"
EndProject
Project("{FAE04EC0-301F-11D3-BF4B-00C04F79EFBC}") = "Bocchi.Shared.Core", "Src\Shared\Bocchi.Shared.Core\Bocchi.Shared.Core.csproj", "{0D1E0F83-CDF9-4DB5-AC92-569C4F2045CD}"
EndProject
Project("{2150E333-8FDC-42A3-9474-1A3956D46DE8}") = "Infrastructure", "Infrastructure", "{4D5E93AE-65E6-8D10-5982-DC32534AD885}"
EndProject
Project("{FAE04EC0-301F-11D3-BF4B-00C04F79EFBC}") = "Bocchi.Home.Infrastructure", "Src\Home\Infrastructure\Bocchi.Home.Infrastructure\Bocchi.Home.Infrastructure.csproj", "{9A064982-576E-4475-AC8C-D7D31B9EC3D8}"
EndProject
Project("{FAE04EC0-301F-11D3-BF4B-00C04F79EFBC}") = "Bocchi.Remote.WebApi", "Src\Remote\Bocchi.Remote.WebApi\Bocchi.Remote.WebApi.csproj", "{1A48F1D1-6A66-4D58-BD33-32A291BEDAAA}"
EndProject
Global
	GlobalSection(SolutionConfigurationPlatforms) = preSolution
		Debug|Any CPU = Debug|Any CPU
		Release|Any CPU = Release|Any CPU
	EndGlobalSection
	GlobalSection(ProjectConfigurationPlatforms) = postSolution
		{B92D2FDE-5589-4693-B374-0450E44117CA}.Debug|Any CPU.ActiveCfg = Debug|Any CPU
		{B92D2FDE-5589-4693-B374-0450E44117CA}.Debug|Any CPU.Build.0 = Debug|Any CPU
		{B92D2FDE-5589-4693-B374-0450E44117CA}.Release|Any CPU.ActiveCfg = Release|Any CPU
		{B92D2FDE-5589-4693-B374-0450E44117CA}.Release|Any CPU.Build.0 = Release|Any CPU
		{03572DF4-1EC8-48AD-8066-901E450EC316}.Debug|Any CPU.ActiveCfg = Debug|Any CPU
		{03572DF4-1EC8-48AD-8066-901E450EC316}.Debug|Any CPU.Build.0 = Debug|Any CPU
		{03572DF4-1EC8-48AD-8066-901E450EC316}.Release|Any CPU.ActiveCfg = Release|Any CPU
		{03572DF4-1EC8-48AD-8066-901E450EC316}.Release|Any CPU.Build.0 = Release|Any CPU
		{0D1E0F83-CDF9-4DB5-AC92-569C4F2045CD}.Debug|Any CPU.ActiveCfg = Debug|Any CPU
		{0D1E0F83-CDF9-4DB5-AC92-569C4F2045CD}.Debug|Any CPU.Build.0 = Debug|Any CPU
		{0D1E0F83-CDF9-4DB5-AC92-569C4F2045CD}.Release|Any CPU.ActiveCfg = Release|Any CPU
		{0D1E0F83-CDF9-4DB5-AC92-569C4F2045CD}.Release|Any CPU.Build.0 = Release|Any CPU
		{9A064982-576E-4475-AC8C-D7D31B9EC3D8}.Debug|Any CPU.ActiveCfg = Debug|Any CPU
		{9A064982-576E-4475-AC8C-D7D31B9EC3D8}.Debug|Any CPU.Build.0 = Debug|Any CPU
		{9A064982-576E-4475-AC8C-D7D31B9EC3D8}.Release|Any CPU.ActiveCfg = Release|Any CPU
		{9A064982-576E-4475-AC8C-D7D31B9EC3D8}.Release|Any CPU.Build.0 = Release|Any CPU
		{1A48F1D1-6A66-4D58-BD33-32A291BEDAAA}.Debug|Any CPU.ActiveCfg = Debug|Any CPU
		{1A48F1D1-6A66-4D58-BD33-32A291BEDAAA}.Debug|Any CPU.Build.0 = Debug|Any CPU
		{1A48F1D1-6A66-4D58-BD33-32A291BEDAAA}.Release|Any CPU.ActiveCfg = Release|Any CPU
		{1A48F1D1-6A66-4D58-BD33-32A291BEDAAA}.Release|Any CPU.Build.0 = Release|Any CPU
	EndGlobalSection
	GlobalSection(SolutionProperties) = preSolution
		HideSolutionNode = FALSE
	EndGlobalSection
	GlobalSection(NestedProjects) = preSolution
		{8CAE4FE2-2B90-4EAA-A339-D07C3A8D170A} = {FBD46DFD-D84F-4CAD-953B-BCD4CB689235}
		{85C300B6-7922-411C-BF71-86BCC79F3CE9} = {FBD46DFD-D84F-4CAD-953B-BCD4CB689235}
		{F2FC94D3-9419-49A1-A4F7-D5BD74D55127} = {FBD46DFD-D84F-4CAD-953B-BCD4CB689235}
		{B92D2FDE-5589-4693-B374-0450E44117CA} = {8CAE4FE2-2B90-4EAA-A339-D07C3A8D170A}
		{D254900B-C2AC-4C91-A16A-53FEB1AD8BF0} = {8CAE4FE2-2B90-4EAA-A339-D07C3A8D170A}
		{03572DF4-1EC8-48AD-8066-901E450EC316} = {D254900B-C2AC-4C91-A16A-53FEB1AD8BF0}
		{68A43DEF-D494-45E5-AF21-119A9CFAE634} = {FBD46DFD-D84F-4CAD-953B-BCD4CB689235}
		{0D1E0F83-CDF9-4DB5-AC92-569C4F2045CD} = {68A43DEF-D494-45E5-AF21-119A9CFAE634}
		{4D5E93AE-65E6-8D10-5982-DC32534AD885} = {8CAE4FE2-2B90-4EAA-A339-D07C3A8D170A}
		{9A064982-576E-4475-AC8C-D7D31B9EC3D8} = {4D5E93AE-65E6-8D10-5982-DC32534AD885}
		{1A48F1D1-6A66-4D58-BD33-32A291BEDAAA} = {85C300B6-7922-411C-BF71-86BCC79F3CE9}
	EndGlobalSection
EndGlobal
